
Microsoft Visual Studio Solution File, Format Version 12.00
# Visual Studio Version 17
VisualStudioVersion = 17.6.33801.468
MinimumVisualStudioVersion = 10.0.40219.1
Project("{FAE04EC0-301F-11D3-BF4B-00C04F79EFBC}") = "SpermCatalog.API", "SpermCatalog.API\SpermCatalog.API.csproj", "{A9E00B92-BD84-485D-BE31-D47DCE3F16BF}"
EndProject
Global
	GlobalSection(SolutionConfigurationPlatforms) = preSolution
		Debug|Any CPU = Debug|Any CPU
		Release|Any CPU = Release|Any CPU
	EndGlobalSection
	GlobalSection(ProjectConfigurationPlatforms) = postSolution
		{A9E00B92-BD84-485D-BE31-D47DCE3F16BF}.Debug|Any CPU.ActiveCfg = Debug|Any CPU
		{A9E00B92-BD84-485D-BE31-D47DCE3F16BF}.Debug|Any CPU.Build.0 = Debug|Any CPU
		{A9E00B92-BD84-485D-BE31-D47DCE3F16BF}.Release|Any CPU.ActiveCfg = Release|Any CPU
		{A9E00B92-BD84-485D-BE31-D47DCE3F16BF}.Release|Any CPU.Build.0 = Release|Any CPU
	EndGlobalSection
	GlobalSection(SolutionProperties) = preSolution
		HideSolutionNode = FALSE
	EndGlobalSection
	GlobalSection(ExtensibilityGlobals) = postSolution
		SolutionGuid = {59C6330F-B05D-4CC1-9530-3684BAC4E72A}
	EndGlobalSection
EndGlobal
